{
  "name": "qinpel-cps",
  "version": "0.1.1",
  "lockfileVersion": 2,
  "requires": true,
  "packages": {
    "": {
      "name": "qinpel-cps",
      "version": "0.1.1",
      "license": "LGPL-3.0-only",
      "dependencies": {
        "qinpel-res": "file:../qinpel-res"
      },
      "devDependencies": {
        "qinpel-app": "file:../qinpel-app"
      }
    },
    "../qinpel-app": {
      "version": "0.1.1",
      "dev": true,
      "license": "LGPL-3.0-only",
      "dependencies": {
        "axios": "^0.26.1",
        "crypto-js": "^4.1.1",
        "qinpel-res": "file:../qinpel-res"
      },
      "devDependencies": {
        "@types/crypto-js": "^4.1.1",
        "@types/node": "^17.0.23"
      }
    },
    "../qinpel-res": {
      "version": "0.1.1",
      "license": "LGPL-3.0-only"
    },
    "node_modules/qinpel-app": {
      "resolved": "../qinpel-app",
      "link": true
    },
    "node_modules/qinpel-res": {
      "resolved": "../qinpel-res",
      "link": true
    }
  },
  "dependencies": {
    "qinpel-app": {
      "version": "file:../qinpel-app",
      "requires": {
        "@types/crypto-js": "^4.1.1",
        "@types/node": "^17.0.23",
        "axios": "^0.26.1",
        "crypto-js": "^4.1.1",
        "qinpel-res": "file:../qinpel-res"
      }
    },
    "qinpel-res": {
      "version": "file:../qinpel-res"
    }
  }
}
